
Microsoft Visual Studio Solution File, Format Version 12.00
# Visual Studio Version 16
VisualStudioVersion = 16.0.30523.141
MinimumVisualStudioVersion = 10.0.40219.1
Project("{FAE04EC0-301F-11D3-BF4B-00C04F79EFBC}") = "Agenda", "Agenda.csproj", "{C7095B8E-F138-4527-82CA-F9A3AE9BF4C2}"
EndProject
Global
	GlobalSection(SolutionConfigurationPlatforms) = preSolution
		Debug|Any CPU = Debug|Any CPU
		Release|Any CPU = Release|Any CPU
	EndGlobalSection
	GlobalSection(ProjectConfigurationPlatforms) = postSolution
		{C7095B8E-F138-4527-82CA-F9A3AE9BF4C2}.Debug|Any CPU.ActiveCfg = Debug|Any CPU
		{C7095B8E-F138-4527-82CA-F9A3AE9BF4C2}.Debug|Any CPU.Build.0 = Debug|Any CPU
		{C7095B8E-F138-4527-82CA-F9A3AE9BF4C2}.Release|Any CPU.ActiveCfg = Release|Any CPU
		{C7095B8E-F138-4527-82CA-F9A3AE9BF4C2}.Release|Any CPU.Build.0 = Release|Any CPU
	EndGlobalSection
	GlobalSection(SolutionProperties) = preSolution
		HideSolutionNode = FALSE
	EndGlobalSection
	GlobalSection(ExtensibilityGlobals) = postSolution
		SolutionGuid = {E00063E3-3C64-4C5C-9347-3789121E1D7D}
	EndGlobalSection
EndGlobal
