
Microsoft Visual Studio Solution File, Format Version 12.00
# Visual Studio Version 16
VisualStudioVersion = 16.0.30413.136
MinimumVisualStudioVersion = 10.0.40219.1
Project("{911E67C6-3D85-4FCE-B560-20A9C3E3FF48}") = "IMC", "IMC\bin\Debug\IMC.exe", "{C37D999B-C736-4741-B79F-BEA670FA79C5}"
	ProjectSection(DebuggerProjectSystem) = preProject
		PortSupplier = 00000000-0000-0000-0000-000000000000
		Executable = C:\Users\PC\Desktop\ETEC exercicios\ETEC-Votuporanga\Desenvolvimento de Sistemas II\IMC\IMC\bin\Debug\IMC.exe
		RemoteMachine = DESKTOP-KI99H5L
		StartingDirectory = C:\Users\PC\Desktop\ETEC exercicios\ETEC-Votuporanga\Desenvolvimento de Sistemas II\IMC\IMC\bin\Debug
		Environment = Padrão
		LaunchingEngine = 00000000-0000-0000-0000-000000000000
		UseLegacyDebugEngines = No
		LaunchSQLEngine = No
		AttachLaunchAction = No
	EndProjectSection
EndProject
Global
	GlobalSection(SolutionConfigurationPlatforms) = preSolution
		Release|x86 = Release|x86
	EndGlobalSection
	GlobalSection(ProjectConfigurationPlatforms) = postSolution
		{C37D999B-C736-4741-B79F-BEA670FA79C5}.Release|x86.ActiveCfg = Release|x86
	EndGlobalSection
	GlobalSection(SolutionProperties) = preSolution
		HideSolutionNode = FALSE
	EndGlobalSection
	GlobalSection(ExtensibilityGlobals) = postSolution
		SolutionGuid = {B0F07BD0-0E17-42F6-BDB3-04DEE9EE78D0}
	EndGlobalSection
EndGlobal
