
Microsoft Visual Studio Solution File, Format Version 12.00
# Visual Studio Version 16
VisualStudioVersion = 16.0.30011.22
MinimumVisualStudioVersion = 10.0.40219.1
Project("{FAE04EC0-301F-11D3-BF4B-00C04F79EFBC}") = "Calculadora", "Calculadora.csproj", "{64D04378-7854-452E-9EBF-0168C8454911}"
EndProject
Global
	GlobalSection(SolutionConfigurationPlatforms) = preSolution
		Debug|Any CPU = Debug|Any CPU
		Release|Any CPU = Release|Any CPU
	EndGlobalSection
	GlobalSection(ProjectConfigurationPlatforms) = postSolution
		{64D04378-7854-452E-9EBF-0168C8454911}.Debug|Any CPU.ActiveCfg = Debug|Any CPU
		{64D04378-7854-452E-9EBF-0168C8454911}.Debug|Any CPU.Build.0 = Debug|Any CPU
		{64D04378-7854-452E-9EBF-0168C8454911}.Release|Any CPU.ActiveCfg = Release|Any CPU
		{64D04378-7854-452E-9EBF-0168C8454911}.Release|Any CPU.Build.0 = Release|Any CPU
	EndGlobalSection
	GlobalSection(SolutionProperties) = preSolution
		HideSolutionNode = FALSE
	EndGlobalSection
	GlobalSection(ExtensibilityGlobals) = postSolution
		SolutionGuid = {DAA1BBFC-C70C-41A8-B412-19AD4314CABC}
	EndGlobalSection
EndGlobal
